
Microsoft Visual Studio Solution File, Format Version 12.00
# Visual Studio 15
VisualStudioVersion = 15.0.28307.1927
MinimumVisualStudioVersion = 10.0.40219.1
Project("{8BC9CEB8-8B4A-11D0-8D11-00A0C91BC942}") = "openvice", "openvice.vcxproj", "{D537550C-03DF-4D3F-BBCD-92D04B24C6F1}"
EndProject
Global
	GlobalSection(SolutionConfigurationPlatforms) = preSolution
		Debug|x64 = Debug|x64
		Debug|x86 = Debug|x86
		Release|x64 = Release|x64
		Release|x86 = Release|x86
	EndGlobalSection
	GlobalSection(ProjectConfigurationPlatforms) = postSolution
		{D537550C-03DF-4D3F-BBCD-92D04B24C6F1}.Debug|x64.ActiveCfg = Debug|x64
		{D537550C-03DF-4D3F-BBCD-92D04B24C6F1}.Debug|x64.Build.0 = Debug|x64
		{D537550C-03DF-4D3F-BBCD-92D04B24C6F1}.Debug|x86.ActiveCfg = Debug|Win32
		{D537550C-03DF-4D3F-BBCD-92D04B24C6F1}.Debug|x86.Build.0 = Debug|Win32
		{D537550C-03DF-4D3F-BBCD-92D04B24C6F1}.Release|x64.ActiveCfg = Release|x64
		{D537550C-03DF-4D3F-BBCD-92D04B24C6F1}.Release|x64.Build.0 = Release|x64
		{D537550C-03DF-4D3F-BBCD-92D04B24C6F1}.Release|x86.ActiveCfg = Release|Win32
		{D537550C-03DF-4D3F-BBCD-92D04B24C6F1}.Release|x86.Build.0 = Release|Win32
	EndGlobalSection
	GlobalSection(SolutionProperties) = preSolution
		HideSolutionNode = FALSE
	EndGlobalSection
	GlobalSection(ExtensibilityGlobals) = postSolution
		SolutionGuid = {68301EC8-2641-4B0E-AA0E-D55D86B988BD}
	EndGlobalSection
EndGlobal
