<?xml version="1.0" encoding="utf-8"?>
<Project ToolsVersion="4.0" xmlns="http://schemas.microsoft.com/developer/msbuild/2003">
  <ItemGroup>
    <Filter Include="Source Files">
      <UniqueIdentifier>{4FC737F1-C7A5-4376-A066-2A32D752A2FF}</UniqueIdentifier>
      <Extensions>cpp;c;cc;cxx;def;odl;idl;hpj;bat;asm;asmx</Extensions>
    </Filter>
    <Filter Include="Header Files">
      <UniqueIdentifier>{93995380-89BD-4b04-88EB-625FBE52EBFB}</UniqueIdentifier>
      <Extensions>h;hh;hpp;hxx;hm;inl;inc;ipp;xsd</Extensions>
    </Filter>
    <Filter Include="Resource Files">
      <UniqueIdentifier>{67DA6AB6-F800-4c08-8B7A-83BB121AAD01}</UniqueIdentifier>
      <Extensions>rc;ico;cur;bmp;dlg;rc2;rct;bin;rgs;gif;jpg;jpeg;jpe;resx;tiff;tif;png;wav;mfcribbon-ms</Extensions>
    </Filter>
    <Filter Include="Source Files\renderware">
      <UniqueIdentifier>{3abdc80a-c7a8-4d18-9fa0-1a71a85d049e}</UniqueIdentifier>
    </Filter>
    <Filter Include="Source Files\shaders">
      <UniqueIdentifier>{80043fb7-6c00-40c1-8a5a-4c5a5480e7be}</UniqueIdentifier>
    </Filter>
  </ItemGroup>
  <ItemGroup>
    <ClCompile Include="main.cpp">
      <Filter>Source Files</Filter>
    </ClCompile>
    <ClCompile Include="dffconv.cpp">
      <Filter>Source Files\renderware</Filter>
    </ClCompile>
    <ClCompile Include="dffread.cpp">
      <Filter>Source Files\renderware</Filter>
    </ClCompile>
    <ClCompile Include="dffwrite.cpp">
      <Filter>Source Files\renderware</Filter>
    </ClCompile>
    <ClCompile Include="dumprwtree.cpp">
      <Filter>Source Files\renderware</Filter>
    </ClCompile>
    <ClCompile Include="oglnative.cpp">
      <Filter>Source Files\renderware</Filter>
    </ClCompile>
    <ClCompile Include="ps2native.cpp">
      <Filter>Source Files\renderware</Filter>
    </ClCompile>
    <ClCompile Include="renderware.cpp">
      <Filter>Source Files\renderware</Filter>
    </ClCompile>
    <ClCompile Include="txdconv.cpp">
      <Filter>Source Files\renderware</Filter>
    </ClCompile>
    <ClCompile Include="txdex.cpp">
      <Filter>Source Files\renderware</Filter>
    </ClCompile>
    <ClCompile Include="txdread.cpp">
      <Filter>Source Files\renderware</Filter>
    </ClCompile>
    <ClCompile Include="txdwrite.cpp">
      <Filter>Source Files\renderware</Filter>
    </ClCompile>
    <ClCompile Include="uvanim.cpp">
      <Filter>Source Files\renderware</Filter>
    </ClCompile>
    <ClCompile Include="xboxnative.cpp">
      <Filter>Source Files\renderware</Filter>
    </ClCompile>
    <ClCompile Include="GameInput.cpp">
      <Filter>Source Files</Filter>
    </ClCompile>
    <ClCompile Include="GameCamera.cpp">
      <Filter>Source Files</Filter>
    </ClCompile>
    <ClCompile Include="GameRender.cpp">
      <Filter>Source Files</Filter>
    </ClCompile>
    <ClCompile Include="GameModel.cpp">
      <Filter>Source Files</Filter>
    </ClCompile>
    <ClCompile Include="GameWindow.cpp">
      <Filter>Source Files</Filter>
    </ClCompile>
    <ClCompile Include="GameUtils.cpp">
      <Filter>Source Files</Filter>
    </ClCompile>
    <ClCompile Include="ImgLoader.cpp">
      <Filter>Source Files</Filter>
    </ClCompile>
  </ItemGroup>
  <ItemGroup>
    <ClInclude Include="args.h">
      <Filter>Source Files\renderware</Filter>
    </ClInclude>
    <ClInclude Include="renderware.h">
      <Filter>Source Files\renderware</Filter>
    </ClInclude>
    <ClInclude Include="ImgLoader.hpp">
      <Filter>Header Files</Filter>
    </ClInclude>
    <ClInclude Include="GameUtils.hpp">
      <Filter>Header Files</Filter>
    </ClInclude>
    <ClInclude Include="GameRender.hpp">
      <Filter>Header Files</Filter>
    </ClInclude>
    <ClInclude Include="GameModel.hpp">
      <Filter>Header Files</Filter>
    </ClInclude>
    <ClInclude Include="GameInput.hpp">
      <Filter>Header Files</Filter>
    </ClInclude>
    <ClInclude Include="GameCamera.hpp">
      <Filter>Header Files</Filter>
    </ClInclude>
    <ClInclude Include="GameWindow.hpp">
      <Filter>Header Files</Filter>
    </ClInclude>
  </ItemGroup>
  <ItemGroup>
    <FxCompile Include="shaders\pixel_shader.hlsl">
      <Filter>Source Files\shaders</Filter>
    </FxCompile>
    <FxCompile Include="shaders\vertex_shader.hlsl">
      <Filter>Source Files\shaders</Filter>
    </FxCompile>
  </ItemGroup>
</Project>